// !$*UTF8*$!
{
	archiveVersion = 1;
	classes = {
	};
	objectVersion = 46;
	objects = {

/* Begin PBXBuildFile section */
		D149EBBB1D8766E500931231 /* AppDelegate.swift in Sources */ = {isa = PBXBuildFile; fileRef = D149EBBA1D8766E500931231 /* AppDelegate.swift */; };
		D149EBBD1D8766E500931231 /* ViewController.swift in Sources */ = {isa = PBXBuildFile; fileRef = D149EBBC1D8766E500931231 /* ViewController.swift */; };
		D149EBC01D8766E500931231 /* Main.storyboard in Resources */ = {isa = PBXBuildFile; fileRef = D149EBBE1D8766E500931231 /* Main.storyboard */; };
		D149EBC21D8766E500931231 /* Assets.xcassets in Resources */ = {isa = PBXBuildFile; fileRef = D149EBC11D8766E500931231 /* Assets.xcassets */; };
		D149EBC51D8766E500931231 /* LaunchScreen.storyboard in Resources */ = {isa = PBXBuildFile; fileRef = D149EBC31D8766E500931231 /* LaunchScreen.storyboard */; };
/* End PBXBuildFile section */

/* Begin PBXFileReference section */
		D149EBB71D8766E500931231 /* Note & Remind.app */ = {isa = PBXFileReference; explicitFileType = wrapper.application; includeInIndex = 0; path = "Note & Remind.app"; sourceTree = BUILT_PRODUCTS_DIR; };
		D149EBBA1D8766E500931231 /* AppDelegate.swift */ = {isa = PBXFileReference; lastKnownFileType = sourcecode.swift; path = AppDelegate.swift; sourceTree = "<group>"; };
		D149EBBC1D8766E500931231 /* ViewController.swift */ = {isa = PBXFileReference; lastKnownFileType = sourcecode.swift; path = ViewController.swift; sourceTree = "<group>"; };
		D149EBBF1D8766E500931231 /* Base */ = {isa = PBXFileReference; lastKnownFileType = file.storyboard; name = Base; path = Base.lproj/Main.storyboard; sourceTree = "<group>"; };
		D149EBC11D8766E500931231 /* Assets.xcassets */ = {isa = PBXFileReference; lastKnownFileType = folder.assetcatalog; path = Assets.xcassets; sourceTree = "<group>"; };
		D149EBC41D8766E500931231 /* Base */ = {isa = PBXFileReference; lastKnownFileType = file.storyboard; name = Base; path = Base.lproj/LaunchScreen.storyboard; sourceTree = "<group>"; };
		D149EBC61D8766E500931231 /* Info.plist */ = {isa = PBXFileReference; lastKnownFileType = text.plist.xml; path = Info.plist; sourceTree = "<group>"; };
/* End PBXFileReference section */

/* Begin PBXFrameworksBuildPhase section */
		D149EBB41D8766E500931231 /* Frameworks */ = {
			isa = PBXFrameworksBuildPhase;
			buildActionMask = 2147483647;
			files = (
			);
			runOnlyForDeploymentPostprocessing = 0;
		};
/* End PBXFrameworksBuildPhase section */

/* Begin PBXGroup section */
		D149EBAE1D8766E400931231 = {
			isa = PBXGroup;
			children = (
				D149EBB91D8766E500931231 /* Note & Remind */,
				D149EBB81D8766E500931231 /* Products */,
			);
			sourceTree = "<group>";
		};
		D149EBB81D8766E500931231 /* Products */ = {
			isa = PBXGroup;
			children = (
				D149EBB71D8766E500931231 /* Note & Remind.app */,
			);
			name = Products;
			sourceTree = "<group>";
		};
		D149EBB91D8766E500931231 /* Note & Remind */ = {
			isa = PBXGroup;
			children = (
				D149EBBA1D8766E500931231 /* AppDelegate.swift */,
				D149EBBC1D8766E500931231 /* ViewController.swift */,
				D149EBBE1D8766E500931231 /* Main.storyboard */,
				D149EBC11D8766E500931231 /* Assets.xcassets */,
				D149EBC31D8766E500931231 /* LaunchScreen.storyboard */,
				D149EBC61D8766E500931231 /* Info.plist */,
			);
			path = "Note & Remind";
			sourceTree = "<group>";
		};
/* End PBXGroup section */

/* Begin PBXNativeTarget section */
		D149EBB61D8766E500931231 /* Note & Remind */ = {
			isa = PBXNativeTarget;
			buildConfigurationList = D149EBC91D8766E500931231 /* Build configuration list for PBXNativeTarget "Note & Remind" */;
			buildPhases = (
				D149EBB31D8766E500931231 /* Sources */,
				D149EBB41D8766E500931231 /* Frameworks */,
				D149EBB51D8766E500931231 /* Resources */,
			);
			buildRules = (
			);
			dependencies = (
			);
			name = "Note & Remind";
			productName = "Note & Remind";
			productReference = D149EBB71D8766E500931231 /* Note & Remind.app */;
			productType = "com.apple.product-type.application";
		};
/* End PBXNativeTarget section */

/* Begin PBXProject section */
		D149EBAF1D8766E500931231 /* Project object */ = {
			isa = PBXProject;
			attributes = {
				LastSwiftUpdateCheck = 0800;
				LastUpgradeCheck = 0800;
				ORGANIZATIONNAME = CapTech;
				TargetAttributes = {
					D149EBB61D8766E500931231 = {
						CreatedOnToolsVersion = 8.0;
						DevelopmentTeam = CNZ44XVSC5;
						ProvisioningStyle = Automatic;
					};
				};
			};
			buildConfigurationList = D149EBB21D8766E500931231 /* Build configuration list for PBXProject "Note & Remind" */;
			compatibilityVersion = "Xcode 3.2";
			developmentRegion = English;
			hasScannedForEncodings = 0;
			knownRegions = (
				en,
				Base,
			);
			mainGroup = D149EBAE1D8766E400931231;
			productRefGroup = D149EBB81D8766E500931231 /* Products */;
			projectDirPath = "";
			projectRoot = "";
			targets = (
				D149EBB61D8766E500931231 /* Note & Remind */,
			);
		};
/* End PBXProject section */

/* Begin PBXResourcesBuildPhase section */
		D149EBB51D8766E500931231 /* Resources */ = {
			isa = PBXResourcesBuildPhase;
			buildActionMask = 2147483647;
			files = (
				D149EBC51D8766E500931231 /* LaunchScreen.storyboard in Resources */,
				D149EBC21D8766E500931231 /* Assets.xcassets in Resources */,
				D149EBC01D8766E500931231 /* Main.storyboard in Resources */,
			);
			runOnlyForDeploymentPostprocessing = 0;
		};
/* End PBXResourcesBuildPhase section */

/* Begin PBXSourcesBuildPhase section */
		D149EBB31D8766E500931231 /* Sources */ = {
			isa = PBXSourcesBuildPhase;
			buildActionMask = 2147483647;
			files = (
				D149EBBD1D8766E500931231 /* ViewController.swift in Sources */,
				D149EBBB1D8766E500931231 /* AppDelegate.swift in Sources */,
			);
			runOnlyForDeploymentPostprocessing = 0;
		};
/* End PBXSourcesBuildPhase section */

/* Begin PBXVariantGroup section */
		D149EBBE1D8766E500931231 /* Main.storyboard */ = {
			isa = PBXVariantGroup;
			children = (
				D149EBBF1D8766E500931231 /* Base */,
			);
			name = Main.storyboard;
			sourceTree = "<group>";
		};
		D149EBC31D8766E500931231 /* LaunchScreen.storyboard */ = {
			isa = PBXVariantGroup;
			children = (
				D149EBC41D8766E500931231 /* Base */,
			);
			name = LaunchScreen.storyboard;
			sourceTree = "<group>";
		};
/* End PBXVariantGroup section */

/* Begin XCBuildConfiguration section */
		D149EBC71D8766E500931231 /* Debug */ = {
			isa = XCBuildConfiguration;
			buildSettings = {
				ALWAYS_SEARCH_USER_PATHS = NO;
				CLANG_ANALYZER_NONNULL = YES;
				CLANG_CXX_LANGUAGE_STANDARD = "gnu++0x";
				CLANG_CXX_LIBRARY = "libc++";
				CLANG_ENABLE_MODULES = YES;
				CLANG_ENABLE_OBJC_ARC = YES;
				CLANG_WARN_BOOL_CONVERSION = YES;
				CLANG_WARN_CONSTANT_CONVERSION = YES;
				CLANG_WARN_DIRECT_OBJC_ISA_USAGE = YES_ERROR;
				CLANG_WARN_DOCUMENTATION_COMMENTS = YES;
				CLANG_WARN_EMPTY_BODY = YES;
				CLANG_WARN_ENUM_CONVERSION = YES;
				CLANG_WARN_INFINITE_RECURSION = YES;
				CLANG_WARN_INT_CONVERSION = YES;
				CLANG_WARN_OBJC_ROOT_CLASS = YES_ERROR;
				CLANG_WARN_SUSPICIOUS_MOVES = YES;
				CLANG_WARN_UNREACHABLE_CODE = YES;
				CLANG_WARN__DUPLICATE_METHOD_MATCH = YES;
				"CODE_SIGN_IDENTITY[sdk=iphoneos*]" = "iPhone Developer";
				COPY_PHASE_STRIP = NO;
				DEBUG_INFORMATION_FORMAT = dwarf;
				ENABLE_STRICT_OBJC_MSGSEND = YES;
				ENABLE_TESTABILITY = YES;
				GCC_C_LANGUAGE_STANDARD = gnu99;
				GCC_DYNAMIC_NO_PIC = NO;
				GCC_NO_COMMON_BLOCKS = YES;
				GCC_OPTIMIZATION_LEVEL = 0;
				GCC_PREPROCESSOR_DEFINITIONS = (
					"DEBUG=1",
					"$(inherited)",
				);
				GCC_WARN_64_TO_32_BIT_CONVERSION = YES;
				GCC_WARN_ABOUT_RETURN_TYPE = YES_ERROR;
				GCC_WARN_UNDECLARED_SELECTOR = YES;
				GCC_WARN_UNINITIALIZED_AUTOS = YES_AGGRESSIVE;
				GCC_WARN_UNUSED_FUNCTION = YES;
				GCC_WARN_UNUSED_VARIABLE = YES;
				IPHONEOS_DEPLOYMENT_TARGET = 10.0;
				MTL_ENABLE_DEBUG_INFO = YES;
				ONLY_ACTIVE_ARCH = YES;
				SDKROOT = iphoneos;
				SWIFT_ACTIVE_COMPILATION_CONDITIONS = DEBUG;
				SWIFT_OPTIMIZATION_LEVEL = "-Onone";
			};
			name = Debug;
		};
		D149EBC81D8766E500931231 /* Release */ = {
			isa = XCBuildConfiguration;
			buildSettings = {
				ALWAYS_SEARCH_USER_PATHS = NO;
				CLANG_ANALYZER_NONNULL = YES;
				CLANG_CXX_LANGUAGE_STANDARD = "gnu++0x";
				CLANG_CXX_LIBRARY = "libc++";
				CLANG_ENABLE_MODULES = YES;
				CLANG_ENABLE_OBJC_ARC = YES;
				CLANG_WARN_BOOL_CONVERSION = YES;
				CLANG_WARN_CONSTANT_CONVERSION = YES;
				CLANG_WARN_DIRECT_OBJC_ISA_USAGE = YES_ERROR;
				CLANG_WARN_DOCUMENTATION_COMMENTS = YES;
				CLANG_WARN_EMPTY_BODY = YES;
				CLANG_WARN_ENUM_CONVERSION = YES;
				CLANG_WARN_INFINITE_RECURSION = YES;
				CLANG_WARN_INT_CONVERSION = YES;
				CLANG_WARN_OBJC_ROOT_CLASS = YES_ERROR;
				CLANG_WARN_SUSPICIOUS_MOVES = YES;
				CLANG_WARN_UNREACHABLE_CODE = YES;
				CLANG_WARN__DUPLICATE_METHOD_MATCH = YES;
				"CODE_SIGN_IDENTITY[sdk=iphoneos*]" = "iPhone Developer";
				COPY_PHASE_STRIP = NO;
				DEBUG_INFORMATION_FORMAT = "dwarf-with-dsym";
				ENABLE_NS_ASSERTIONS = NO;
				ENABLE_STRICT_OBJC_MSGSEND = YES;
				GCC_C_LANGUAGE_STANDARD = gnu99;
				GCC_NO_COMMON_BLOCKS = YES;
				GCC_WARN_64_TO_32_BIT_CONVERSION = YES;
				GCC_WARN_ABOUT_RETURN_TYPE = YES_ERROR;
				GCC_WARN_UNDECLARED_SELECTOR = YES;
				GCC_WARN_UNINITIALIZED_AUTOS = YES_AGGRESSIVE;
				GCC_WARN_UNUSED_FUNCTION = YES;
				GCC_WARN_UNUSED_VARIABLE = YES;
				IPHONEOS_DEPLOYMENT_TARGET = 10.0;
				MTL_ENABLE_DEBUG_INFO = NO;
				SDKROOT = iphoneos;
				SWIFT_OPTIMIZATION_LEVEL = "-Owholemodule";
				VALIDATE_PRODUCT = YES;
			};
			name = Release;
		};
		D149EBCA1D8766E500931231 /* Debug */ = {
			isa = XCBuildConfiguration;
			buildSettings = {
				ASSETCATALOG_COMPILER_APPICON_NAME = AppIcon;
				DEVELOPMENT_TEAM = CNZ44XVSC5;
				INFOPLIST_FILE = "Note & Remind/Info.plist";
				LD_RUNPATH_SEARCH_PATHS = "$(inherited) @executable_path/Frameworks";
				PRODUCT_BUNDLE_IDENTIFIER = "com.JoshHuerkamp.Note---Remind";
				PRODUCT_NAME = "$(TARGET_NAME)";
				SWIFT_VERSION = 3.0;
			};
			name = Debug;
		};
		D149EBCB1D8766E500931231 /* Release */ = {
			isa = XCBuildConfiguration;
			buildSettings = {
				ASSETCATALOG_COMPILER_APPICON_NAME = AppIcon;
				DEVELOPMENT_TEAM = CNZ44XVSC5;
				INFOPLIST_FILE = "Note & Remind/Info.plist";
				LD_RUNPATH_SEARCH_PATHS = "$(inherited) @executable_path/Frameworks";
				PRODUCT_BUNDLE_IDENTIFIER = "com.JoshHuerkamp.Note---Remind";
				PRODUCT_NAME = "$(TARGET_NAME)";
				SWIFT_VERSION = 3.0;
			};
			name = Release;
		};
/* End XCBuildConfiguration section */

/* Begin XCConfigurationList section */
		D149EBB21D8766E500931231 /* Build configuration list for PBXProject "Note & Remind" */ = {
			isa = XCConfigurationList;
			buildConfigurations = (
				D149EBC71D8766E500931231 /* Debug */,
				D149EBC81D8766E500931231 /* Release */,
			);
			defaultConfigurationIsVisible = 0;
			defaultConfigurationName = Release;
		};
		D149EBC91D8766E500931231 /* Build configuration list for PBXNativeTarget "Note & Remind" */ = {
			isa = XCConfigurationList;
			buildConfigurations = (
				D149EBCA1D8766E500931231 /* Debug */,
				D149EBCB1D8766E500931231 /* Release */,
			);
			defaultConfigurationIsVisible = 0;
		};
/* End XCConfigurationList section */
	};
	rootObject = D149EBAF1D8766E500931231 /* Project object */;
}
